<?xml version="1.0" encoding="utf-8"?>
<Project ToolsVersion="16.0" xmlns="http://schemas.microsoft.com/developer/msbuild/2003">
  <ItemGroup>
    <CustomBuild Include="C:\Users\Erupb\Documents\GitHub\tivpo6\tivpo6\part1\CMakeFiles\a30b8beaa43d034b93c92aa029668379\generate.stamp.rule">
      <Filter>CMake Rules</Filter>
    </CustomBuild>
  </ItemGroup>
  <ItemGroup>
    <Filter Include="CMake Rules">
      <UniqueIdentifier>{3C8BE61D-44A3-39A2-9786-65AEEB1B9C42}</UniqueIdentifier>
    </Filter>
  </ItemGroup>
</Project>
